
Microsoft Visual Studio Solution File, Format Version 12.00
# Visual Studio Version 16
VisualStudioVersion = 16.0.34031.81
MinimumVisualStudioVersion = 10.0.40219.1
Project("{2150E333-8FDC-42A3-9474-1A3956D46DE8}") = "Task0", "Task0", "{3D8C2EB7-D1D8-49D9-BD51-5139E4F02DE6}"
EndProject
Project("{FAE04EC0-301F-11D3-BF4B-00C04F79EFBC}") = "Tyuiu.KushnerovIA.Sprint2.Task0.V22", "Tyuiu.KushnerovIA.Sprint2.Task0.V22\Tyuiu.KushnerovIA.Sprint2.Task0.V22.csproj", "{3472AB30-57EA-42D8-AC09-C213287735C4}"
EndProject
Project("{FAE04EC0-301F-11D3-BF4B-00C04F79EFBC}") = "Tyuiu.KushnerovIA.Sprint2.Task0.V22.Lib", "Tyuiu.KushnerovIA.Sprint2.Task0.V22.Lib\Tyuiu.KushnerovIA.Sprint2.Task0.V22.Lib.csproj", "{CC191DF0-87A2-4FA6-9A71-5896A9EAA470}"
EndProject
Project("{FAE04EC0-301F-11D3-BF4B-00C04F79EFBC}") = "Tyuiu.KushnerovIA.Sprint2.Task0.V22.Test", "Tyuiu.KushnerovIA.Sprint2.Task0.V22.Test\Tyuiu.KushnerovIA.Sprint2.Task0.V22.Test.csproj", "{84E219AF-7837-4B8F-B260-8FFC1B2EA737}"
EndProject
Project("{2150E333-8FDC-42A3-9474-1A3956D46DE8}") = "Task1", "Task1", "{0BC862F2-EB9E-4E6F-9BC3-51675EA686EB}"
EndProject
Project("{FAE04EC0-301F-11D3-BF4B-00C04F79EFBC}") = "Tyuiu.KushnerovIA.Sprint2.Task1.V24", "Tyuiu.KushnerovIA.Sprint2.Task1.V24\Tyuiu.KushnerovIA.Sprint2.Task1.V24.csproj", "{5AB6DF2F-C3C5-4088-8036-60B233D28710}"
EndProject
Project("{FAE04EC0-301F-11D3-BF4B-00C04F79EFBC}") = "Tyuiu.KushnerovIA.Sprint2.Task1.V24.Test", "Tyuiu.KushnerovIA.Sprint2.Task1.V24.Test\Tyuiu.KushnerovIA.Sprint2.Task1.V24.Test.csproj", "{378E1545-9C5E-49F1-A8D5-99DCBA0B7E26}"
EndProject
Project("{FAE04EC0-301F-11D3-BF4B-00C04F79EFBC}") = "Tyuiu.KushnerovIA.Sprint2.Task1.V24.Lib", "Tyuiu.KushnerovIA.Sprint2.Task1.V24.Lib\Tyuiu.KushnerovIA.Sprint2.Task1.V24.Lib.csproj", "{315A540E-4C23-4AAC-99FC-4DA7D2BEACBB}"
EndProject
Project("{2150E333-8FDC-42A3-9474-1A3956D46DE8}") = "Task2", "Task2", "{E25778EA-19DB-4DF9-9B0F-5B4C0C218DC0}"
EndProject
Project("{FAE04EC0-301F-11D3-BF4B-00C04F79EFBC}") = "Tyuiu.KushnerovIA.Sprint2.Task2.V17", "Tyuiu.KushnerovIA.Sprint2.Task2.V17\Tyuiu.KushnerovIA.Sprint2.Task2.V17.csproj", "{0D79F2BA-BC32-4282-BDBD-C4829A43D0D3}"
EndProject
Project("{FAE04EC0-301F-11D3-BF4B-00C04F79EFBC}") = "Tyuiu.KushnerovIA.Sprint2.Task2.V17.Lib", "Tyuiu.KushnerovIA.Sprint2.Task2.V17.Lib\Tyuiu.KushnerovIA.Sprint2.Task2.V17.Lib.csproj", "{EFF14E9F-5EE9-4026-B90B-013A0A7E94A2}"
EndProject
Project("{FAE04EC0-301F-11D3-BF4B-00C04F79EFBC}") = "Tyuiu.KushnerovIA.Sprint2.Task2.V17.Test", "Tyuiu.KushnerovIA.Sprint2.Task2.V17.Test\Tyuiu.KushnerovIA.Sprint2.Task2.V17.Test.csproj", "{1C99738A-C1F9-4F90-BCEF-998D89C7D068}"
EndProject
Project("{2150E333-8FDC-42A3-9474-1A3956D46DE8}") = "Task3", "Task3", "{07E30B2A-D7A4-4EAD-BACC-E9936EE1DAF5}"
EndProject
Project("{FAE04EC0-301F-11D3-BF4B-00C04F79EFBC}") = "Tyuiu.KushnerovIA.Sprint2.Task3.V3", "Tyuiu.KushnerovIA.Sprint2.Task3.V3\Tyuiu.KushnerovIA.Sprint2.Task3.V3.csproj", "{1DCD003C-BCDC-472A-A21E-56079DDCF162}"
EndProject
Project("{FAE04EC0-301F-11D3-BF4B-00C04F79EFBC}") = "Tyuiu.KushnerovIA.Sprint2.Task3.V3.Test", "Tyuiu.KushnerovIA.Sprint2.Task3.V3.Test\Tyuiu.KushnerovIA.Sprint2.Task3.V3.Test.csproj", "{C172B0EA-2083-4E63-81CA-893103D5B51A}"
EndProject
Project("{FAE04EC0-301F-11D3-BF4B-00C04F79EFBC}") = "Tyuiu.KushnerovIA.Sprint2.Task3.V3.Lib", "Tyuiu.KushnerovIA.Sprint2.Task3.V3.Lib\Tyuiu.KushnerovIA.Sprint2.Task3.V3.Lib.csproj", "{E9FDA62F-5343-442B-96F1-35CE128FA31D}"
EndProject
Project("{2150E333-8FDC-42A3-9474-1A3956D46DE8}") = "Task4", "Task4", "{BD693792-3157-4C57-85DB-690DE93B6242}"
EndProject
Project("{FAE04EC0-301F-11D3-BF4B-00C04F79EFBC}") = "Tyuiu.KushnerovIA.Sprint2.Task4.V10", "Tyuiu.KushnerovIA.Sprint2.Task4.V10\Tyuiu.KushnerovIA.Sprint2.Task4.V10.csproj", "{33F75FFD-173B-4C0D-83F5-E55F2EDADD13}"
EndProject
Project("{FAE04EC0-301F-11D3-BF4B-00C04F79EFBC}") = "Tyuiu.KushnerovIA.Sprint2.Task4.V10.Lib", "Tyuiu.KushnerovIA.Sprint2.Task4.V10.Lib\Tyuiu.KushnerovIA.Sprint2.Task4.V10.Lib.csproj", "{61F624B5-0A00-4172-B6BE-457A426235DC}"
EndProject
Project("{FAE04EC0-301F-11D3-BF4B-00C04F79EFBC}") = "Tyuiu.KushnerovIA.Sprint2.Task4.V10.Test", "Tyuiu.KushnerovIA.Sprint2.Task4.V10.Test\Tyuiu.KushnerovIA.Sprint2.Task4.V10.Test.csproj", "{861924CC-0353-4BAF-B315-7062D044543B}"
EndProject
Global
	GlobalSection(SolutionConfigurationPlatforms) = preSolution
		Debug|Any CPU = Debug|Any CPU
		Release|Any CPU = Release|Any CPU
	EndGlobalSection
	GlobalSection(ProjectConfigurationPlatforms) = postSolution
		{3472AB30-57EA-42D8-AC09-C213287735C4}.Debug|Any CPU.ActiveCfg = Debug|Any CPU
		{3472AB30-57EA-42D8-AC09-C213287735C4}.Debug|Any CPU.Build.0 = Debug|Any CPU
		{3472AB30-57EA-42D8-AC09-C213287735C4}.Release|Any CPU.ActiveCfg = Release|Any CPU
		{3472AB30-57EA-42D8-AC09-C213287735C4}.Release|Any CPU.Build.0 = Release|Any CPU
		{CC191DF0-87A2-4FA6-9A71-5896A9EAA470}.Debug|Any CPU.ActiveCfg = Debug|Any CPU
		{CC191DF0-87A2-4FA6-9A71-5896A9EAA470}.Debug|Any CPU.Build.0 = Debug|Any CPU
		{CC191DF0-87A2-4FA6-9A71-5896A9EAA470}.Release|Any CPU.ActiveCfg = Release|Any CPU
		{CC191DF0-87A2-4FA6-9A71-5896A9EAA470}.Release|Any CPU.Build.0 = Release|Any CPU
		{84E219AF-7837-4B8F-B260-8FFC1B2EA737}.Debug|Any CPU.ActiveCfg = Debug|Any CPU
		{84E219AF-7837-4B8F-B260-8FFC1B2EA737}.Debug|Any CPU.Build.0 = Debug|Any CPU
		{84E219AF-7837-4B8F-B260-8FFC1B2EA737}.Release|Any CPU.ActiveCfg = Release|Any CPU
		{84E219AF-7837-4B8F-B260-8FFC1B2EA737}.Release|Any CPU.Build.0 = Release|Any CPU
		{5AB6DF2F-C3C5-4088-8036-60B233D28710}.Debug|Any CPU.ActiveCfg = Debug|Any CPU
		{5AB6DF2F-C3C5-4088-8036-60B233D28710}.Debug|Any CPU.Build.0 = Debug|Any CPU
		{5AB6DF2F-C3C5-4088-8036-60B233D28710}.Release|Any CPU.ActiveCfg = Release|Any CPU
		{5AB6DF2F-C3C5-4088-8036-60B233D28710}.Release|Any CPU.Build.0 = Release|Any CPU
		{378E1545-9C5E-49F1-A8D5-99DCBA0B7E26}.Debug|Any CPU.ActiveCfg = Debug|Any CPU
		{378E1545-9C5E-49F1-A8D5-99DCBA0B7E26}.Debug|Any CPU.Build.0 = Debug|Any CPU
		{378E1545-9C5E-49F1-A8D5-99DCBA0B7E26}.Release|Any CPU.ActiveCfg = Release|Any CPU
		{378E1545-9C5E-49F1-A8D5-99DCBA0B7E26}.Release|Any CPU.Build.0 = Release|Any CPU
		{315A540E-4C23-4AAC-99FC-4DA7D2BEACBB}.Debug|Any CPU.ActiveCfg = Debug|Any CPU
		{315A540E-4C23-4AAC-99FC-4DA7D2BEACBB}.Debug|Any CPU.Build.0 = Debug|Any CPU
		{315A540E-4C23-4AAC-99FC-4DA7D2BEACBB}.Release|Any CPU.ActiveCfg = Release|Any CPU
		{315A540E-4C23-4AAC-99FC-4DA7D2BEACBB}.Release|Any CPU.Build.0 = Release|Any CPU
		{0D79F2BA-BC32-4282-BDBD-C4829A43D0D3}.Debug|Any CPU.ActiveCfg = Debug|Any CPU
		{0D79F2BA-BC32-4282-BDBD-C4829A43D0D3}.Debug|Any CPU.Build.0 = Debug|Any CPU
		{0D79F2BA-BC32-4282-BDBD-C4829A43D0D3}.Release|Any CPU.ActiveCfg = Release|Any CPU
		{0D79F2BA-BC32-4282-BDBD-C4829A43D0D3}.Release|Any CPU.Build.0 = Release|Any CPU
		{EFF14E9F-5EE9-4026-B90B-013A0A7E94A2}.Debug|Any CPU.ActiveCfg = Debug|Any CPU
		{EFF14E9F-5EE9-4026-B90B-013A0A7E94A2}.Debug|Any CPU.Build.0 = Debug|Any CPU
		{EFF14E9F-5EE9-4026-B90B-013A0A7E94A2}.Release|Any CPU.ActiveCfg = Release|Any CPU
		{EFF14E9F-5EE9-4026-B90B-013A0A7E94A2}.Release|Any CPU.Build.0 = Release|Any CPU
		{1C99738A-C1F9-4F90-BCEF-998D89C7D068}.Debug|Any CPU.ActiveCfg = Debug|Any CPU
		{1C99738A-C1F9-4F90-BCEF-998D89C7D068}.Debug|Any CPU.Build.0 = Debug|Any CPU
		{1C99738A-C1F9-4F90-BCEF-998D89C7D068}.Release|Any CPU.ActiveCfg = Release|Any CPU
		{1C99738A-C1F9-4F90-BCEF-998D89C7D068}.Release|Any CPU.Build.0 = Release|Any CPU
		{1DCD003C-BCDC-472A-A21E-56079DDCF162}.Debug|Any CPU.ActiveCfg = Debug|Any CPU
		{1DCD003C-BCDC-472A-A21E-56079DDCF162}.Debug|Any CPU.Build.0 = Debug|Any CPU
		{1DCD003C-BCDC-472A-A21E-56079DDCF162}.Release|Any CPU.ActiveCfg = Release|Any CPU
		{1DCD003C-BCDC-472A-A21E-56079DDCF162}.Release|Any CPU.Build.0 = Release|Any CPU
		{C172B0EA-2083-4E63-81CA-893103D5B51A}.Debug|Any CPU.ActiveCfg = Debug|Any CPU
		{C172B0EA-2083-4E63-81CA-893103D5B51A}.Debug|Any CPU.Build.0 = Debug|Any CPU
		{C172B0EA-2083-4E63-81CA-893103D5B51A}.Release|Any CPU.ActiveCfg = Release|Any CPU
		{C172B0EA-2083-4E63-81CA-893103D5B51A}.Release|Any CPU.Build.0 = Release|Any CPU
		{E9FDA62F-5343-442B-96F1-35CE128FA31D}.Debug|Any CPU.ActiveCfg = Debug|Any CPU
		{E9FDA62F-5343-442B-96F1-35CE128FA31D}.Debug|Any CPU.Build.0 = Debug|Any CPU
		{E9FDA62F-5343-442B-96F1-35CE128FA31D}.Release|Any CPU.ActiveCfg = Release|Any CPU
		{E9FDA62F-5343-442B-96F1-35CE128FA31D}.Release|Any CPU.Build.0 = Release|Any CPU
		{33F75FFD-173B-4C0D-83F5-E55F2EDADD13}.Debug|Any CPU.ActiveCfg = Debug|Any CPU
		{33F75FFD-173B-4C0D-83F5-E55F2EDADD13}.Debug|Any CPU.Build.0 = Debug|Any CPU
		{33F75FFD-173B-4C0D-83F5-E55F2EDADD13}.Release|Any CPU.ActiveCfg = Release|Any CPU
		{33F75FFD-173B-4C0D-83F5-E55F2EDADD13}.Release|Any CPU.Build.0 = Release|Any CPU
		{61F624B5-0A00-4172-B6BE-457A426235DC}.Debug|Any CPU.ActiveCfg = Debug|Any CPU
		{61F624B5-0A00-4172-B6BE-457A426235DC}.Debug|Any CPU.Build.0 = Debug|Any CPU
		{61F624B5-0A00-4172-B6BE-457A426235DC}.Release|Any CPU.ActiveCfg = Release|Any CPU
		{61F624B5-0A00-4172-B6BE-457A426235DC}.Release|Any CPU.Build.0 = Release|Any CPU
		{861924CC-0353-4BAF-B315-7062D044543B}.Debug|Any CPU.ActiveCfg = Debug|Any CPU
		{861924CC-0353-4BAF-B315-7062D044543B}.Debug|Any CPU.Build.0 = Debug|Any CPU
		{861924CC-0353-4BAF-B315-7062D044543B}.Release|Any CPU.ActiveCfg = Release|Any CPU
		{861924CC-0353-4BAF-B315-7062D044543B}.Release|Any CPU.Build.0 = Release|Any CPU
	EndGlobalSection
	GlobalSection(SolutionProperties) = preSolution
		HideSolutionNode = FALSE
	EndGlobalSection
	GlobalSection(NestedProjects) = preSolution
		{3472AB30-57EA-42D8-AC09-C213287735C4} = {3D8C2EB7-D1D8-49D9-BD51-5139E4F02DE6}
		{CC191DF0-87A2-4FA6-9A71-5896A9EAA470} = {3D8C2EB7-D1D8-49D9-BD51-5139E4F02DE6}
		{84E219AF-7837-4B8F-B260-8FFC1B2EA737} = {3D8C2EB7-D1D8-49D9-BD51-5139E4F02DE6}
		{5AB6DF2F-C3C5-4088-8036-60B233D28710} = {0BC862F2-EB9E-4E6F-9BC3-51675EA686EB}
		{378E1545-9C5E-49F1-A8D5-99DCBA0B7E26} = {0BC862F2-EB9E-4E6F-9BC3-51675EA686EB}
		{315A540E-4C23-4AAC-99FC-4DA7D2BEACBB} = {0BC862F2-EB9E-4E6F-9BC3-51675EA686EB}
		{0D79F2BA-BC32-4282-BDBD-C4829A43D0D3} = {E25778EA-19DB-4DF9-9B0F-5B4C0C218DC0}
		{EFF14E9F-5EE9-4026-B90B-013A0A7E94A2} = {E25778EA-19DB-4DF9-9B0F-5B4C0C218DC0}
		{1C99738A-C1F9-4F90-BCEF-998D89C7D068} = {E25778EA-19DB-4DF9-9B0F-5B4C0C218DC0}
		{1DCD003C-BCDC-472A-A21E-56079DDCF162} = {07E30B2A-D7A4-4EAD-BACC-E9936EE1DAF5}
		{C172B0EA-2083-4E63-81CA-893103D5B51A} = {07E30B2A-D7A4-4EAD-BACC-E9936EE1DAF5}
		{E9FDA62F-5343-442B-96F1-35CE128FA31D} = {07E30B2A-D7A4-4EAD-BACC-E9936EE1DAF5}
		{33F75FFD-173B-4C0D-83F5-E55F2EDADD13} = {BD693792-3157-4C57-85DB-690DE93B6242}
		{61F624B5-0A00-4172-B6BE-457A426235DC} = {BD693792-3157-4C57-85DB-690DE93B6242}
		{861924CC-0353-4BAF-B315-7062D044543B} = {BD693792-3157-4C57-85DB-690DE93B6242}
	EndGlobalSection
	GlobalSection(ExtensibilityGlobals) = postSolution
		SolutionGuid = {AD5968EB-5E22-4247-ADCB-D4C3BE689836}
	EndGlobalSection
EndGlobal
